// !$*UTF8*$!
{
	archiveVersion = 1;
	classes = {
	};
	objectVersion = 54;
	objects = {

/* Begin PBXBuildFile section */
		00E356F31AD99517003FC87E /* signalcloneTests.m in Sources */ = {isa = PBXBuildFile; fileRef = 00E356F21AD99517003FC87E /* signalcloneTests.m */; };
		13B07FBC1A68108700A75B9A /* AppDelegate.m in Sources */ = {isa = PBXBuildFile; fileRef = 13B07FB01A68108700A75B9A /* AppDelegate.m */; };
		13B07FBF1A68108700A75B9A /* Images.xcassets in Resources */ = {isa = PBXBuildFile; fileRef = 13B07FB51A68108700A75B9A /* Images.xcassets */; };
		13B07FC11A68108700A75B9A /* main.m in Sources */ = {isa = PBXBuildFile; fileRef = 13B07FB71A68108700A75B9A /* main.m */; };
		81AB9BB82411601600AC10FF /* LaunchScreen.storyboard in Resources */ = {isa = PBXBuildFile; fileRef = 81AB9BB72411601600AC10FF /* LaunchScreen.storyboard */; };
		5C0A320B60E340FFB6DFF954 /* Roboto-Black.ttf in Resources */ = {isa = PBXBuildFile; fileRef = D4D76062E82C44A095A1FE8A /* Roboto-Black.ttf */; };
		A465989B68524808BEB4F8EC /* Roboto-BlackItalic.ttf in Resources */ = {isa = PBXBuildFile; fileRef = C642EA38F66D4519A8CBDA0B /* Roboto-BlackItalic.ttf */; };
		73A981A7DDEF489AA07DC23D /* Roboto-Bold.ttf in Resources */ = {isa = PBXBuildFile; fileRef = 928A48A9B0AF45DF93DEAB42 /* Roboto-Bold.ttf */; };
		82A7417BB195406E958BE1EC /* Roboto-BoldItalic.ttf in Resources */ = {isa = PBXBuildFile; fileRef = 9E74D0258BD542AFA9F1D19E /* Roboto-BoldItalic.ttf */; };
		A4765905287B46F1878B9243 /* Roboto-Italic.ttf in Resources */ = {isa = PBXBuildFile; fileRef = 403883ECFD354CC08095EE3E /* Roboto-Italic.ttf */; };
		4595858BD3E841EE93B6EFD6 /* Roboto-Light.ttf in Resources */ = {isa = PBXBuildFile; fileRef = 568EED79F3B74FE9B9EA63F5 /* Roboto-Light.ttf */; };
		061E903F37014C259E7EAA7A /* Roboto-LightItalic.ttf in Resources */ = {isa = PBXBuildFile; fileRef = 4E89C295006B4AF79951E6D1 /* Roboto-LightItalic.ttf */; };
		EDC910D49E4E4ACF8C30950B /* Roboto-Medium.ttf in Resources */ = {isa = PBXBuildFile; fileRef = AF5ACA0091EA4524AB765CD1 /* Roboto-Medium.ttf */; };
		CF33EF54C1944F7390E60CC5 /* Roboto-MediumItalic.ttf in Resources */ = {isa = PBXBuildFile; fileRef = A191B0CA752B45F89AB07AB8 /* Roboto-MediumItalic.ttf */; };
		320C13FF58F0422D89AEBCAC /* Roboto-Regular.ttf in Resources */ = {isa = PBXBuildFile; fileRef = 076F8CCF527B41F480323E24 /* Roboto-Regular.ttf */; };
		1D5018EDF4EF4A25867DB065 /* Roboto-Thin.ttf in Resources */ = {isa = PBXBuildFile; fileRef = 337E19B110CD4B13ACB44564 /* Roboto-Thin.ttf */; };
		96894F66147F4997BE5D3AA9 /* Roboto-ThinItalic.ttf in Resources */ = {isa = PBXBuildFile; fileRef = 9DFC22EE25C543CA94532989 /* Roboto-ThinItalic.ttf */; };
		ED0E5DD2360B4A0CA9ECD344 /* RobotoCondensed-Bold.ttf in Resources */ = {isa = PBXBuildFile; fileRef = 4DC555F8AF8A48DF9B3C0FFC /* RobotoCondensed-Bold.ttf */; };
		B1DF02083408476980C6E089 /* RobotoCondensed-BoldItalic.ttf in Resources */ = {isa = PBXBuildFile; fileRef = 1826FFE2CFEA4DE18BB00BC1 /* RobotoCondensed-BoldItalic.ttf */; };
		5004CCE4E47D41B09B4FA8ED /* RobotoCondensed-Italic.ttf in Resources */ = {isa = PBXBuildFile; fileRef = 6E31CFAF85B34FEFB5837A0F /* RobotoCondensed-Italic.ttf */; };
		3C0E136E064C44A9B1C1DF19 /* RobotoCondensed-Light.ttf in Resources */ = {isa = PBXBuildFile; fileRef = 0CB2957A7D8149E8989EF3DD /* RobotoCondensed-Light.ttf */; };
		45C1003CC6BE44C792BC17CE /* RobotoCondensed-LightItalic.ttf in Resources */ = {isa = PBXBuildFile; fileRef = 241E2860C0A449E596502D22 /* RobotoCondensed-LightItalic.ttf */; };
		E9B0152662B740C2824D3FD9 /* RobotoCondensed-Regular.ttf in Resources */ = {isa = PBXBuildFile; fileRef = E6A1EAC9E04149C1BB317B37 /* RobotoCondensed-Regular.ttf */; };
		E425F9DC79D44EFD809AB311 /* AntDesign.ttf in Resources */ = {isa = PBXBuildFile; fileRef = B6A43ADA362C4F6CBC61E2A1 /* AntDesign.ttf */; };
		2BD68A57ED48495BB53FC475 /* Entypo.ttf in Resources */ = {isa = PBXBuildFile; fileRef = 6632A1D49DF54B8190FFF25D /* Entypo.ttf */; };
		BCFBDF2CE0204D64B2347BA9 /* EvilIcons.ttf in Resources */ = {isa = PBXBuildFile; fileRef = D4B3C4BC859F4DB69F813691 /* EvilIcons.ttf */; };
		5942C65D88CA4FAD868E74A0 /* Feather.ttf in Resources */ = {isa = PBXBuildFile; fileRef = A59F05C2E776471581F1D7D6 /* Feather.ttf */; };
		CE62D3072CAB4592879492D9 /* FontAwesome.ttf in Resources */ = {isa = PBXBuildFile; fileRef = 61B3933B66EA44CB9E2FD04B /* FontAwesome.ttf */; };
		4AC1121FC4CB46AEA19C9E46 /* FontAwesome5_Brands.ttf in Resources */ = {isa = PBXBuildFile; fileRef = 9FC0E91A4DA746F0BA66CF5D /* FontAwesome5_Brands.ttf */; };
		2066DD9D90A34E2488905380 /* FontAwesome5_Regular.ttf in Resources */ = {isa = PBXBuildFile; fileRef = E3C43BDDAA9449AC9EC0F20A /* FontAwesome5_Regular.ttf */; };
		FCE1661515E0457181DA9447 /* FontAwesome5_Solid.ttf in Resources */ = {isa = PBXBuildFile; fileRef = 1D8159A4A8744473A144D5E3 /* FontAwesome5_Solid.ttf */; };
		A8F92F995F0A4DBFBFC955EF /* Fontisto.ttf in Resources */ = {isa = PBXBuildFile; fileRef = 399270D7472E4EE09AAA0615 /* Fontisto.ttf */; };
		6E55740554F14ED4837645A8 /* Foundation.ttf in Resources */ = {isa = PBXBuildFile; fileRef = 998D6D9B62934815A6C71F56 /* Foundation.ttf */; };
		3BA2A7F16DF04665BE321DC5 /* Ionicons.ttf in Resources */ = {isa = PBXBuildFile; fileRef = 28BB0BA116E94B4B801D0713 /* Ionicons.ttf */; };
		1117AB8E14D14193AA44ADB6 /* MaterialCommunityIcons.ttf in Resources */ = {isa = PBXBuildFile; fileRef = F8A97B23538B4E21AF02F458 /* MaterialCommunityIcons.ttf */; };
		36F20926A8FA49878B0A2514 /* MaterialIcons.ttf in Resources */ = {isa = PBXBuildFile; fileRef = FC18FC3EF6074D5480ABA959 /* MaterialIcons.ttf */; };
		FEB0078616F247728A6B5BCD /* Octicons.ttf in Resources */ = {isa = PBXBuildFile; fileRef = 34533179A570470AB0C5F17A /* Octicons.ttf */; };
		3D19CAD2707F4E139D3455CC /* Roboto_medium.ttf in Resources */ = {isa = PBXBuildFile; fileRef = 23F3CCFB26974FFBAD4E0AD3 /* Roboto_medium.ttf */; };
		E6C8A92BCA444B88AE32680A /* Roboto.ttf in Resources */ = {isa = PBXBuildFile; fileRef = 0708BDF129194E3A8513FC06 /* Roboto.ttf */; };
		AA9A333288024E30BD82B6F2 /* rubicon-icon-font.ttf in Resources */ = {isa = PBXBuildFile; fileRef = 58DB6584D4DB46FBAC623219 /* rubicon-icon-font.ttf */; };
		CC041A29AABC4412B09E0B38 /* SimpleLineIcons.ttf in Resources */ = {isa = PBXBuildFile; fileRef = 8348D25699204082991A19E2 /* SimpleLineIcons.ttf */; };
		59513099941B4740AC4A8CEA /* Zocial.ttf in Resources */ = {isa = PBXBuildFile; fileRef = 3A29D101E27743589F9B25BA /* Zocial.ttf */; };
/* End PBXBuildFile section */

/* Begin PBXContainerItemProxy section */
		00E356F41AD99517003FC87E /* PBXContainerItemProxy */ = {
			isa = PBXContainerItemProxy;
			containerPortal = 83CBB9F71A601CBA00E9B192 /* Project object */;
			proxyType = 1;
			remoteGlobalIDString = 13B07F861A680F5B00A75B9A;
			remoteInfo = signalclone;
		};
/* End PBXContainerItemProxy section */

/* Begin PBXFileReference section */
		00E356EE1AD99517003FC87E /* signalcloneTests.xctest */ = {isa = PBXFileReference; explicitFileType = wrapper.cfbundle; includeInIndex = 0; path = signalcloneTests.xctest; sourceTree = BUILT_PRODUCTS_DIR; };
		00E356F11AD99517003FC87E /* Info.plist */ = {isa = PBXFileReference; lastKnownFileType = text.plist.xml; path = Info.plist; sourceTree = "<group>"; };
		00E356F21AD99517003FC87E /* signalcloneTests.m */ = {isa = PBXFileReference; lastKnownFileType = sourcecode.c.objc; path = signalcloneTests.m; sourceTree = "<group>"; };
		13B07F961A680F5B00A75B9A /* signalclone.app */ = {isa = PBXFileReference; explicitFileType = wrapper.application; includeInIndex = 0; path = signalclone.app; sourceTree = BUILT_PRODUCTS_DIR; };
		13B07FAF1A68108700A75B9A /* AppDelegate.h */ = {isa = PBXFileReference; fileEncoding = 4; lastKnownFileType = sourcecode.c.h; name = AppDelegate.h; path = signalclone/AppDelegate.h; sourceTree = "<group>"; };
		13B07FB01A68108700A75B9A /* AppDelegate.m */ = {isa = PBXFileReference; fileEncoding = 4; lastKnownFileType = sourcecode.c.objc; name = AppDelegate.m; path = signalclone/AppDelegate.m; sourceTree = "<group>"; };
		13B07FB51A68108700A75B9A /* Images.xcassets */ = {isa = PBXFileReference; lastKnownFileType = folder.assetcatalog; name = Images.xcassets; path = signalclone/Images.xcassets; sourceTree = "<group>"; };
		13B07FB61A68108700A75B9A /* Info.plist */ = {isa = PBXFileReference; fileEncoding = 4; lastKnownFileType = text.plist.xml; name = Info.plist; path = signalclone/Info.plist; sourceTree = "<group>"; };
		13B07FB71A68108700A75B9A /* main.m */ = {isa = PBXFileReference; fileEncoding = 4; lastKnownFileType = sourcecode.c.objc; name = main.m; path = signalclone/main.m; sourceTree = "<group>"; };
		81AB9BB72411601600AC10FF /* LaunchScreen.storyboard */ = {isa = PBXFileReference; fileEncoding = 4; lastKnownFileType = file.storyboard; name = LaunchScreen.storyboard; path = signalclone/LaunchScreen.storyboard; sourceTree = "<group>"; };
		ED297162215061F000B7C4FE /* JavaScriptCore.framework */ = {isa = PBXFileReference; lastKnownFileType = wrapper.framework; name = JavaScriptCore.framework; path = System/Library/Frameworks/JavaScriptCore.framework; sourceTree = SDKROOT; };
		D4D76062E82C44A095A1FE8A /* Roboto-Black.ttf */ = {isa = PBXFileReference; name = "Roboto-Black.ttf"; path = "../assets/fonts/Roboto-Black.ttf"; sourceTree = "<group>"; fileEncoding = undefined; lastKnownFileType = unknown; explicitFileType = undefined; includeInIndex = 0; };
		C642EA38F66D4519A8CBDA0B /* Roboto-BlackItalic.ttf */ = {isa = PBXFileReference; name = "Roboto-BlackItalic.ttf"; path = "../assets/fonts/Roboto-BlackItalic.ttf"; sourceTree = "<group>"; fileEncoding = undefined; lastKnownFileType = unknown; explicitFileType = undefined; includeInIndex = 0; };
		928A48A9B0AF45DF93DEAB42 /* Roboto-Bold.ttf */ = {isa = PBXFileReference; name = "Roboto-Bold.ttf"; path = "../assets/fonts/Roboto-Bold.ttf"; sourceTree = "<group>"; fileEncoding = undefined; lastKnownFileType = unknown; explicitFileType = undefined; includeInIndex = 0; };
		9E74D0258BD542AFA9F1D19E /* Roboto-BoldItalic.ttf */ = {isa = PBXFileReference; name = "Roboto-BoldItalic.ttf"; path = "../assets/fonts/Roboto-BoldItalic.ttf"; sourceTree = "<group>"; fileEncoding = undefined; lastKnownFileType = unknown; explicitFileType = undefined; includeInIndex = 0; };
		403883ECFD354CC08095EE3E /* Roboto-Italic.ttf */ = {isa = PBXFileReference; name = "Roboto-Italic.ttf"; path = "../assets/fonts/Roboto-Italic.ttf"; sourceTree = "<group>"; fileEncoding = undefined; lastKnownFileType = unknown; explicitFileType = undefined; includeInIndex = 0; };
		568EED79F3B74FE9B9EA63F5 /* Roboto-Light.ttf */ = {isa = PBXFileReference; name = "Roboto-Light.ttf"; path = "../assets/fonts/Roboto-Light.ttf"; sourceTree = "<group>"; fileEncoding = undefined; lastKnownFileType = unknown; explicitFileType = undefined; includeInIndex = 0; };
		4E89C295006B4AF79951E6D1 /* Roboto-LightItalic.ttf */ = {isa = PBXFileReference; name = "Roboto-LightItalic.ttf"; path = "../assets/fonts/Roboto-LightItalic.ttf"; sourceTree = "<group>"; fileEncoding = undefined; lastKnownFileType = unknown; explicitFileType = undefined; includeInIndex = 0; };
		AF5ACA0091EA4524AB765CD1 /* Roboto-Medium.ttf */ = {isa = PBXFileReference; name = "Roboto-Medium.ttf"; path = "../assets/fonts/Roboto-Medium.ttf"; sourceTree = "<group>"; fileEncoding = undefined; lastKnownFileType = unknown; explicitFileType = undefined; includeInIndex = 0; };
		A191B0CA752B45F89AB07AB8 /* Roboto-MediumItalic.ttf */ = {isa = PBXFileReference; name = "Roboto-MediumItalic.ttf"; path = "../assets/fonts/Roboto-MediumItalic.ttf"; sourceTree = "<group>"; fileEncoding = undefined; lastKnownFileType = unknown; explicitFileType = undefined; includeInIndex = 0; };
		076F8CCF527B41F480323E24 /* Roboto-Regular.ttf */ = {isa = PBXFileReference; name = "Roboto-Regular.ttf"; path = "../assets/fonts/Roboto-Regular.ttf"; sourceTree = "<group>"; fileEncoding = undefined; lastKnownFileType = unknown; explicitFileType = undefined; includeInIndex = 0; };
		337E19B110CD4B13ACB44564 /* Roboto-Thin.ttf */ = {isa = PBXFileReference; name = "Roboto-Thin.ttf"; path = "../assets/fonts/Roboto-Thin.ttf"; sourceTree = "<group>"; fileEncoding = undefined; lastKnownFileType = unknown; explicitFileType = undefined; includeInIndex = 0; };
		9DFC22EE25C543CA94532989 /* Roboto-ThinItalic.ttf */ = {isa = PBXFileReference; name = "Roboto-ThinItalic.ttf"; path = "../assets/fonts/Roboto-ThinItalic.ttf"; sourceTree = "<group>"; fileEncoding = undefined; lastKnownFileType = unknown; explicitFileType = undefined; includeInIndex = 0; };
		4DC555F8AF8A48DF9B3C0FFC /* RobotoCondensed-Bold.ttf */ = {isa = PBXFileReference; name = "RobotoCondensed-Bold.ttf"; path = "../assets/fonts/RobotoCondensed-Bold.ttf"; sourceTree = "<group>"; fileEncoding = undefined; lastKnownFileType = unknown; explicitFileType = undefined; includeInIndex = 0; };
		1826FFE2CFEA4DE18BB00BC1 /* RobotoCondensed-BoldItalic.ttf */ = {isa = PBXFileReference; name = "RobotoCondensed-BoldItalic.ttf"; path = "../assets/fonts/RobotoCondensed-BoldItalic.ttf"; sourceTree = "<group>"; fileEncoding = undefined; lastKnownFileType = unknown; explicitFileType = undefined; includeInIndex = 0; };
		6E31CFAF85B34FEFB5837A0F /* RobotoCondensed-Italic.ttf */ = {isa = PBXFileReference; name = "RobotoCondensed-Italic.ttf"; path = "../assets/fonts/RobotoCondensed-Italic.ttf"; sourceTree = "<group>"; fileEncoding = undefined; lastKnownFileType = unknown; explicitFileType = undefined; includeInIndex = 0; };
		0CB2957A7D8149E8989EF3DD /* RobotoCondensed-Light.ttf */ = {isa = PBXFileReference; name = "RobotoCondensed-Light.ttf"; path = "../assets/fonts/RobotoCondensed-Light.ttf"; sourceTree = "<group>"; fileEncoding = undefined; lastKnownFileType = unknown; explicitFileType = undefined; includeInIndex = 0; };
		241E2860C0A449E596502D22 /* RobotoCondensed-LightItalic.ttf */ = {isa = PBXFileReference; name = "RobotoCondensed-LightItalic.ttf"; path = "../assets/fonts/RobotoCondensed-LightItalic.ttf"; sourceTree = "<group>"; fileEncoding = undefined; lastKnownFileType = unknown; explicitFileType = undefined; includeInIndex = 0; };
		E6A1EAC9E04149C1BB317B37 /* RobotoCondensed-Regular.ttf */ = {isa = PBXFileReference; name = "RobotoCondensed-Regular.ttf"; path = "../assets/fonts/RobotoCondensed-Regular.ttf"; sourceTree = "<group>"; fileEncoding = undefined; lastKnownFileType = unknown; explicitFileType = undefined; includeInIndex = 0; };
		B6A43ADA362C4F6CBC61E2A1 /* AntDesign.ttf */ = {isa = PBXFileReference; name = "AntDesign.ttf"; path = "../node_modules/native-base/Fonts/AntDesign.ttf"; sourceTree = "<group>"; fileEncoding = undefined; lastKnownFileType = unknown; explicitFileType = undefined; includeInIndex = 0; };
		6632A1D49DF54B8190FFF25D /* Entypo.ttf */ = {isa = PBXFileReference; name = "Entypo.ttf"; path = "../node_modules/native-base/Fonts/Entypo.ttf"; sourceTree = "<group>"; fileEncoding = undefined; lastKnownFileType = unknown; explicitFileType = undefined; includeInIndex = 0; };
		D4B3C4BC859F4DB69F813691 /* EvilIcons.ttf */ = {isa = PBXFileReference; name = "EvilIcons.ttf"; path = "../node_modules/native-base/Fonts/EvilIcons.ttf"; sourceTree = "<group>"; fileEncoding = undefined; lastKnownFileType = unknown; explicitFileType = undefined; includeInIndex = 0; };
		A59F05C2E776471581F1D7D6 /* Feather.ttf */ = {isa = PBXFileReference; name = "Feather.ttf"; path = "../node_modules/native-base/Fonts/Feather.ttf"; sourceTree = "<group>"; fileEncoding = undefined; lastKnownFileType = unknown; explicitFileType = undefined; includeInIndex = 0; };
		61B3933B66EA44CB9E2FD04B /* FontAwesome.ttf */ = {isa = PBXFileReference; name = "FontAwesome.ttf"; path = "../node_modules/native-base/Fonts/FontAwesome.ttf"; sourceTree = "<group>"; fileEncoding = undefined; lastKnownFileType = unknown; explicitFileType = undefined; includeInIndex = 0; };
		9FC0E91A4DA746F0BA66CF5D /* FontAwesome5_Brands.ttf */ = {isa = PBXFileReference; name = "FontAwesome5_Brands.ttf"; path = "../node_modules/native-base/Fonts/FontAwesome5_Brands.ttf"; sourceTree = "<group>"; fileEncoding = undefined; lastKnownFileType = unknown; explicitFileType = undefined; includeInIndex = 0; };
		E3C43BDDAA9449AC9EC0F20A /* FontAwesome5_Regular.ttf */ = {isa = PBXFileReference; name = "FontAwesome5_Regular.ttf"; path = "../node_modules/native-base/Fonts/FontAwesome5_Regular.ttf"; sourceTree = "<group>"; fileEncoding = undefined; lastKnownFileType = unknown; explicitFileType = undefined; includeInIndex = 0; };
		1D8159A4A8744473A144D5E3 /* FontAwesome5_Solid.ttf */ = {isa = PBXFileReference; name = "FontAwesome5_Solid.ttf"; path = "../node_modules/native-base/Fonts/FontAwesome5_Solid.ttf"; sourceTree = "<group>"; fileEncoding = undefined; lastKnownFileType = unknown; explicitFileType = undefined; includeInIndex = 0; };
		399270D7472E4EE09AAA0615 /* Fontisto.ttf */ = {isa = PBXFileReference; name = "Fontisto.ttf"; path = "../node_modules/native-base/Fonts/Fontisto.ttf"; sourceTree = "<group>"; fileEncoding = undefined; lastKnownFileType = unknown; explicitFileType = undefined; includeInIndex = 0; };
		998D6D9B62934815A6C71F56 /* Foundation.ttf */ = {isa = PBXFileReference; name = "Foundation.ttf"; path = "../node_modules/native-base/Fonts/Foundation.ttf"; sourceTree = "<group>"; fileEncoding = undefined; lastKnownFileType = unknown; explicitFileType = undefined; includeInIndex = 0; };
		28BB0BA116E94B4B801D0713 /* Ionicons.ttf */ = {isa = PBXFileReference; name = "Ionicons.ttf"; path = "../node_modules/native-base/Fonts/Ionicons.ttf"; sourceTree = "<group>"; fileEncoding = undefined; lastKnownFileType = unknown; explicitFileType = undefined; includeInIndex = 0; };
		F8A97B23538B4E21AF02F458 /* MaterialCommunityIcons.ttf */ = {isa = PBXFileReference; name = "MaterialCommunityIcons.ttf"; path = "../node_modules/native-base/Fonts/MaterialCommunityIcons.ttf"; sourceTree = "<group>"; fileEncoding = undefined; lastKnownFileType = unknown; explicitFileType = undefined; includeInIndex = 0; };
		FC18FC3EF6074D5480ABA959 /* MaterialIcons.ttf */ = {isa = PBXFileReference; name = "MaterialIcons.ttf"; path = "../node_modules/native-base/Fonts/MaterialIcons.ttf"; sourceTree = "<group>"; fileEncoding = undefined; lastKnownFileType = unknown; explicitFileType = undefined; includeInIndex = 0; };
		34533179A570470AB0C5F17A /* Octicons.ttf */ = {isa = PBXFileReference; name = "Octicons.ttf"; path = "../node_modules/native-base/Fonts/Octicons.ttf"; sourceTree = "<group>"; fileEncoding = undefined; lastKnownFileType = unknown; explicitFileType = undefined; includeInIndex = 0; };
		23F3CCFB26974FFBAD4E0AD3 /* Roboto_medium.ttf */ = {isa = PBXFileReference; name = "Roboto_medium.ttf"; path = "../node_modules/native-base/Fonts/Roboto_medium.ttf"; sourceTree = "<group>"; fileEncoding = undefined; lastKnownFileType = unknown; explicitFileType = undefined; includeInIndex = 0; };
		0708BDF129194E3A8513FC06 /* Roboto.ttf */ = {isa = PBXFileReference; name = "Roboto.ttf"; path = "../node_modules/native-base/Fonts/Roboto.ttf"; sourceTree = "<group>"; fileEncoding = undefined; lastKnownFileType = unknown; explicitFileType = undefined; includeInIndex = 0; };
		58DB6584D4DB46FBAC623219 /* rubicon-icon-font.ttf */ = {isa = PBXFileReference; name = "rubicon-icon-font.ttf"; path = "../node_modules/native-base/Fonts/rubicon-icon-font.ttf"; sourceTree = "<group>"; fileEncoding = undefined; lastKnownFileType = unknown; explicitFileType = undefined; includeInIndex = 0; };
		8348D25699204082991A19E2 /* SimpleLineIcons.ttf */ = {isa = PBXFileReference; name = "SimpleLineIcons.ttf"; path = "../node_modules/native-base/Fonts/SimpleLineIcons.ttf"; sourceTree = "<group>"; fileEncoding = undefined; lastKnownFileType = unknown; explicitFileType = undefined; includeInIndex = 0; };
		3A29D101E27743589F9B25BA /* Zocial.ttf */ = {isa = PBXFileReference; name = "Zocial.ttf"; path = "../node_modules/native-base/Fonts/Zocial.ttf"; sourceTree = "<group>"; fileEncoding = undefined; lastKnownFileType = unknown; explicitFileType = undefined; includeInIndex = 0; };
/* End PBXFileReference section */

/* Begin PBXFrameworksBuildPhase section */
		00E356EB1AD99517003FC87E /* Frameworks */ = {
			isa = PBXFrameworksBuildPhase;
			buildActionMask = 2147483647;
			files = (
			);
			runOnlyForDeploymentPostprocessing = 0;
		};
		13B07F8C1A680F5B00A75B9A /* Frameworks */ = {
			isa = PBXFrameworksBuildPhase;
			buildActionMask = 2147483647;
			files = (
			);
			runOnlyForDeploymentPostprocessing = 0;
		};
/* End PBXFrameworksBuildPhase section */

/* Begin PBXGroup section */
		00E356EF1AD99517003FC87E /* signalcloneTests */ = {
			isa = PBXGroup;
			children = (
				00E356F21AD99517003FC87E /* signalcloneTests.m */,
				00E356F01AD99517003FC87E /* Supporting Files */,
			);
			path = signalcloneTests;
			sourceTree = "<group>";
		};
		00E356F01AD99517003FC87E /* Supporting Files */ = {
			isa = PBXGroup;
			children = (
				00E356F11AD99517003FC87E /* Info.plist */,
			);
			name = "Supporting Files";
			sourceTree = "<group>";
		};
		13B07FAE1A68108700A75B9A /* signalclone */ = {
			isa = PBXGroup;
			children = (
				13B07FAF1A68108700A75B9A /* AppDelegate.h */,
				13B07FB01A68108700A75B9A /* AppDelegate.m */,
				13B07FB51A68108700A75B9A /* Images.xcassets */,
				13B07FB61A68108700A75B9A /* Info.plist */,
				81AB9BB72411601600AC10FF /* LaunchScreen.storyboard */,
				13B07FB71A68108700A75B9A /* main.m */,
			);
			name = signalclone;
			sourceTree = "<group>";
		};
		2D16E6871FA4F8E400B85C8A /* Frameworks */ = {
			isa = PBXGroup;
			children = (
				ED297162215061F000B7C4FE /* JavaScriptCore.framework */,
			);
			name = Frameworks;
			sourceTree = "<group>";
		};
		832341AE1AAA6A7D00B99B32 /* Libraries */ = {
			isa = PBXGroup;
			children = (
			);
			name = Libraries;
			sourceTree = "<group>";
		};
		83CBB9F61A601CBA00E9B192 = {
			isa = PBXGroup;
			children = (
				13B07FAE1A68108700A75B9A /* signalclone */,
				832341AE1AAA6A7D00B99B32 /* Libraries */,
				00E356EF1AD99517003FC87E /* signalcloneTests */,
				83CBBA001A601CBA00E9B192 /* Products */,
				2D16E6871FA4F8E400B85C8A /* Frameworks */,
				FFFC984BF1344A99BD093719 /* Resources */,
			);
			indentWidth = 2;
			sourceTree = "<group>";
			tabWidth = 2;
			usesTabs = 0;
		};
		83CBBA001A601CBA00E9B192 /* Products */ = {
			isa = PBXGroup;
			children = (
				13B07F961A680F5B00A75B9A /* signalclone.app */,
				00E356EE1AD99517003FC87E /* signalcloneTests.xctest */,
			);
			name = Products;
			sourceTree = "<group>";
		};
		FFFC984BF1344A99BD093719 /* Resources */ = {
			isa = "PBXGroup";
			children = (
				D4D76062E82C44A095A1FE8A /* Roboto-Black.ttf */,
				C642EA38F66D4519A8CBDA0B /* Roboto-BlackItalic.ttf */,
				928A48A9B0AF45DF93DEAB42 /* Roboto-Bold.ttf */,
				9E74D0258BD542AFA9F1D19E /* Roboto-BoldItalic.ttf */,
				403883ECFD354CC08095EE3E /* Roboto-Italic.ttf */,
				568EED79F3B74FE9B9EA63F5 /* Roboto-Light.ttf */,
				4E89C295006B4AF79951E6D1 /* Roboto-LightItalic.ttf */,
				AF5ACA0091EA4524AB765CD1 /* Roboto-Medium.ttf */,
				A191B0CA752B45F89AB07AB8 /* Roboto-MediumItalic.ttf */,
				076F8CCF527B41F480323E24 /* Roboto-Regular.ttf */,
				337E19B110CD4B13ACB44564 /* Roboto-Thin.ttf */,
				9DFC22EE25C543CA94532989 /* Roboto-ThinItalic.ttf */,
				4DC555F8AF8A48DF9B3C0FFC /* RobotoCondensed-Bold.ttf */,
				1826FFE2CFEA4DE18BB00BC1 /* RobotoCondensed-BoldItalic.ttf */,
				6E31CFAF85B34FEFB5837A0F /* RobotoCondensed-Italic.ttf */,
				0CB2957A7D8149E8989EF3DD /* RobotoCondensed-Light.ttf */,
				241E2860C0A449E596502D22 /* RobotoCondensed-LightItalic.ttf */,
				E6A1EAC9E04149C1BB317B37 /* RobotoCondensed-Regular.ttf */,
				B6A43ADA362C4F6CBC61E2A1 /* AntDesign.ttf */,
				6632A1D49DF54B8190FFF25D /* Entypo.ttf */,
				D4B3C4BC859F4DB69F813691 /* EvilIcons.ttf */,
				A59F05C2E776471581F1D7D6 /* Feather.ttf */,
				61B3933B66EA44CB9E2FD04B /* FontAwesome.ttf */,
				9FC0E91A4DA746F0BA66CF5D /* FontAwesome5_Brands.ttf */,
				E3C43BDDAA9449AC9EC0F20A /* FontAwesome5_Regular.ttf */,
				1D8159A4A8744473A144D5E3 /* FontAwesome5_Solid.ttf */,
				399270D7472E4EE09AAA0615 /* Fontisto.ttf */,
				998D6D9B62934815A6C71F56 /* Foundation.ttf */,
				28BB0BA116E94B4B801D0713 /* Ionicons.ttf */,
				F8A97B23538B4E21AF02F458 /* MaterialCommunityIcons.ttf */,
				FC18FC3EF6074D5480ABA959 /* MaterialIcons.ttf */,
				34533179A570470AB0C5F17A /* Octicons.ttf */,
				23F3CCFB26974FFBAD4E0AD3 /* Roboto_medium.ttf */,
				0708BDF129194E3A8513FC06 /* Roboto.ttf */,
				58DB6584D4DB46FBAC623219 /* rubicon-icon-font.ttf */,
				8348D25699204082991A19E2 /* SimpleLineIcons.ttf */,
				3A29D101E27743589F9B25BA /* Zocial.ttf */,
			);
			name = Resources;
			sourceTree = "<group>";
			path = "";
		};
/* End PBXGroup section */

/* Begin PBXNativeTarget section */
		00E356ED1AD99517003FC87E /* signalcloneTests */ = {
			isa = PBXNativeTarget;
			buildConfigurationList = 00E357021AD99517003FC87E /* Build configuration list for PBXNativeTarget "signalcloneTests" */;
			buildPhases = (
				00E356EA1AD99517003FC87E /* Sources */,
				00E356EB1AD99517003FC87E /* Frameworks */,
				00E356EC1AD99517003FC87E /* Resources */,
			);
			buildRules = (
			);
			dependencies = (
				00E356F51AD99517003FC87E /* PBXTargetDependency */,
			);
			name = signalcloneTests;
			productName = signalcloneTests;
			productReference = 00E356EE1AD99517003FC87E /* signalcloneTests.xctest */;
			productType = "com.apple.product-type.bundle.unit-test";
		};
		13B07F861A680F5B00A75B9A /* signalclone */ = {
			isa = PBXNativeTarget;
			buildConfigurationList = 13B07F931A680F5B00A75B9A /* Build configuration list for PBXNativeTarget "signalclone" */;
			buildPhases = (
				FD10A7F022414F080027D42C /* Start Packager */,
				13B07F871A680F5B00A75B9A /* Sources */,
				13B07F8C1A680F5B00A75B9A /* Frameworks */,
				13B07F8E1A680F5B00A75B9A /* Resources */,
				00DD1BFF1BD5951E006B06BC /* Bundle React Native code and images */,
			);
			buildRules = (
			);
			dependencies = (
			);
			name = signalclone;
			productName = signalclone;
			productReference = 13B07F961A680F5B00A75B9A /* signalclone.app */;
			productType = "com.apple.product-type.application";
		};
/* End PBXNativeTarget section */

/* Begin PBXProject section */
		83CBB9F71A601CBA00E9B192 /* Project object */ = {
			isa = PBXProject;
			attributes = {
				LastUpgradeCheck = 1210;
				TargetAttributes = {
					00E356ED1AD99517003FC87E = {
						CreatedOnToolsVersion = 6.2;
						TestTargetID = 13B07F861A680F5B00A75B9A;
					};
					13B07F861A680F5B00A75B9A = {
						LastSwiftMigration = 1120;
					};
				};
			};
			buildConfigurationList = 83CBB9FA1A601CBA00E9B192 /* Build configuration list for PBXProject "signalclone" */;
			compatibilityVersion = "Xcode 12.0";
			developmentRegion = en;
			hasScannedForEncodings = 0;
			knownRegions = (
				en,
				Base,
			);
			mainGroup = 83CBB9F61A601CBA00E9B192;
			productRefGroup = 83CBBA001A601CBA00E9B192 /* Products */;
			projectDirPath = "";
			projectRoot = "";
			targets = (
				13B07F861A680F5B00A75B9A /* signalclone */,
				00E356ED1AD99517003FC87E /* signalcloneTests */,
			);
		};
/* End PBXProject section */

/* Begin PBXResourcesBuildPhase section */
		00E356EC1AD99517003FC87E /* Resources */ = {
			isa = PBXResourcesBuildPhase;
			buildActionMask = 2147483647;
			files = (
			);
			runOnlyForDeploymentPostprocessing = 0;
		};
		13B07F8E1A680F5B00A75B9A /* Resources */ = {
			isa = PBXResourcesBuildPhase;
			buildActionMask = 2147483647;
			files = (
				81AB9BB82411601600AC10FF /* LaunchScreen.storyboard in Resources */,
				13B07FBF1A68108700A75B9A /* Images.xcassets in Resources */,
				5C0A320B60E340FFB6DFF954 /* Roboto-Black.ttf in Resources */,
				A465989B68524808BEB4F8EC /* Roboto-BlackItalic.ttf in Resources */,
				73A981A7DDEF489AA07DC23D /* Roboto-Bold.ttf in Resources */,
				82A7417BB195406E958BE1EC /* Roboto-BoldItalic.ttf in Resources */,
				A4765905287B46F1878B9243 /* Roboto-Italic.ttf in Resources */,
				4595858BD3E841EE93B6EFD6 /* Roboto-Light.ttf in Resources */,
				061E903F37014C259E7EAA7A /* Roboto-LightItalic.ttf in Resources */,
				EDC910D49E4E4ACF8C30950B /* Roboto-Medium.ttf in Resources */,
				CF33EF54C1944F7390E60CC5 /* Roboto-MediumItalic.ttf in Resources */,
				320C13FF58F0422D89AEBCAC /* Roboto-Regular.ttf in Resources */,
				1D5018EDF4EF4A25867DB065 /* Roboto-Thin.ttf in Resources */,
				96894F66147F4997BE5D3AA9 /* Roboto-ThinItalic.ttf in Resources */,
				ED0E5DD2360B4A0CA9ECD344 /* RobotoCondensed-Bold.ttf in Resources */,
				B1DF02083408476980C6E089 /* RobotoCondensed-BoldItalic.ttf in Resources */,
				5004CCE4E47D41B09B4FA8ED /* RobotoCondensed-Italic.ttf in Resources */,
				3C0E136E064C44A9B1C1DF19 /* RobotoCondensed-Light.ttf in Resources */,
				45C1003CC6BE44C792BC17CE /* RobotoCondensed-LightItalic.ttf in Resources */,
				E9B0152662B740C2824D3FD9 /* RobotoCondensed-Regular.ttf in Resources */,
				E425F9DC79D44EFD809AB311 /* AntDesign.ttf in Resources */,
				2BD68A57ED48495BB53FC475 /* Entypo.ttf in Resources */,
				BCFBDF2CE0204D64B2347BA9 /* EvilIcons.ttf in Resources */,
				5942C65D88CA4FAD868E74A0 /* Feather.ttf in Resources */,
				CE62D3072CAB4592879492D9 /* FontAwesome.ttf in Resources */,
				4AC1121FC4CB46AEA19C9E46 /* FontAwesome5_Brands.ttf in Resources */,
				2066DD9D90A34E2488905380 /* FontAwesome5_Regular.ttf in Resources */,
				FCE1661515E0457181DA9447 /* FontAwesome5_Solid.ttf in Resources */,
				A8F92F995F0A4DBFBFC955EF /* Fontisto.ttf in Resources */,
				6E55740554F14ED4837645A8 /* Foundation.ttf in Resources */,
				3BA2A7F16DF04665BE321DC5 /* Ionicons.ttf in Resources */,
				1117AB8E14D14193AA44ADB6 /* MaterialCommunityIcons.ttf in Resources */,
				36F20926A8FA49878B0A2514 /* MaterialIcons.ttf in Resources */,
				FEB0078616F247728A6B5BCD /* Octicons.ttf in Resources */,
				3D19CAD2707F4E139D3455CC /* Roboto_medium.ttf in Resources */,
				E6C8A92BCA444B88AE32680A /* Roboto.ttf in Resources */,
				AA9A333288024E30BD82B6F2 /* rubicon-icon-font.ttf in Resources */,
				CC041A29AABC4412B09E0B38 /* SimpleLineIcons.ttf in Resources */,
				59513099941B4740AC4A8CEA /* Zocial.ttf in Resources */,
			);
			runOnlyForDeploymentPostprocessing = 0;
		};
/* End PBXResourcesBuildPhase section */

/* Begin PBXShellScriptBuildPhase section */
		00DD1BFF1BD5951E006B06BC /* Bundle React Native code and images */ = {
			isa = PBXShellScriptBuildPhase;
			buildActionMask = 2147483647;
			files = (
			);
			inputPaths = (
			);
			name = "Bundle React Native code and images";
			outputPaths = (
			);
			runOnlyForDeploymentPostprocessing = 0;
			shellPath = /bin/sh;
			shellScript = "set -e\n\nexport NODE_BINARY=node\n../node_modules/react-native/scripts/react-native-xcode.sh\n";
		};
		FD10A7F022414F080027D42C /* Start Packager */ = {
			isa = PBXShellScriptBuildPhase;
			buildActionMask = 2147483647;
			files = (
			);
			inputFileListPaths = (
			);
			inputPaths = (
			);
			name = "Start Packager";
			outputFileListPaths = (
			);
			outputPaths = (
			);
			runOnlyForDeploymentPostprocessing = 0;
			shellPath = /bin/sh;
			shellScript = "export RCT_METRO_PORT=\"${RCT_METRO_PORT:=8081}\"\necho \"export RCT_METRO_PORT=${RCT_METRO_PORT}\" > \"${SRCROOT}/../node_modules/react-native/scripts/.packager.env\"\nif [ -z \"${RCT_NO_LAUNCH_PACKAGER+xxx}\" ] ; then\n  if nc -w 5 -z localhost ${RCT_METRO_PORT} ; then\n    if ! curl -s \"http://localhost:${RCT_METRO_PORT}/status\" | grep -q \"packager-status:running\" ; then\n      echo \"Port ${RCT_METRO_PORT} already in use, packager is either not running or not running correctly\"\n      exit 2\n    fi\n  else\n    open \"$SRCROOT/../node_modules/react-native/scripts/launchPackager.command\" || echo \"Can't start packager automatically\"\n  fi\nfi\n";
			showEnvVarsInLog = 0;
		};
/* End PBXShellScriptBuildPhase section */

/* Begin PBXSourcesBuildPhase section */
		00E356EA1AD99517003FC87E /* Sources */ = {
			isa = PBXSourcesBuildPhase;
			buildActionMask = 2147483647;
			files = (
				00E356F31AD99517003FC87E /* signalcloneTests.m in Sources */,
			);
			runOnlyForDeploymentPostprocessing = 0;
		};
		13B07F871A680F5B00A75B9A /* Sources */ = {
			isa = PBXSourcesBuildPhase;
			buildActionMask = 2147483647;
			files = (
				13B07FBC1A68108700A75B9A /* AppDelegate.m in Sources */,
				13B07FC11A68108700A75B9A /* main.m in Sources */,
			);
			runOnlyForDeploymentPostprocessing = 0;
		};
/* End PBXSourcesBuildPhase section */

/* Begin PBXTargetDependency section */
		00E356F51AD99517003FC87E /* PBXTargetDependency */ = {
			isa = PBXTargetDependency;
			target = 13B07F861A680F5B00A75B9A /* signalclone */;
			targetProxy = 00E356F41AD99517003FC87E /* PBXContainerItemProxy */;
		};
/* End PBXTargetDependency section */

/* Begin XCBuildConfiguration section */
		00E356F61AD99517003FC87E /* Debug */ = {
			isa = XCBuildConfiguration;
			buildSettings = {
				BUNDLE_LOADER = "$(TEST_HOST)";
				GCC_PREPROCESSOR_DEFINITIONS = (
					"DEBUG=1",
					"$(inherited)",
				);
				INFOPLIST_FILE = signalcloneTests/Info.plist;
				IPHONEOS_DEPLOYMENT_TARGET = 11.0;
				LD_RUNPATH_SEARCH_PATHS = (
					"$(inherited)",
					"@executable_path/Frameworks",
					"@loader_path/Frameworks",
				);
				OTHER_LDFLAGS = (
					"-ObjC",
					"-lc++",
					"$(inherited)",
				);
				PRODUCT_BUNDLE_IDENTIFIER = "org.reactjs.native.example.$(PRODUCT_NAME:rfc1034identifier)";
				PRODUCT_NAME = "$(TARGET_NAME)";
				TEST_HOST = "$(BUILT_PRODUCTS_DIR)/signalclone.app/signalclone";
			};
			name = Debug;
		};
		00E356F71AD99517003FC87E /* Release */ = {
			isa = XCBuildConfiguration;
			buildSettings = {
				BUNDLE_LOADER = "$(TEST_HOST)";
				COPY_PHASE_STRIP = NO;
				INFOPLIST_FILE = signalcloneTests/Info.plist;
				IPHONEOS_DEPLOYMENT_TARGET = 11.0;
				LD_RUNPATH_SEARCH_PATHS = (
					"$(inherited)",
					"@executable_path/Frameworks",
					"@loader_path/Frameworks",
				);
				OTHER_LDFLAGS = (
					"-ObjC",
					"-lc++",
					"$(inherited)",
				);
				PRODUCT_BUNDLE_IDENTIFIER = "org.reactjs.native.example.$(PRODUCT_NAME:rfc1034identifier)";
				PRODUCT_NAME = "$(TARGET_NAME)";
				TEST_HOST = "$(BUILT_PRODUCTS_DIR)/signalclone.app/signalclone";
			};
			name = Release;
		};
		13B07F941A680F5B00A75B9A /* Debug */ = {
			isa = XCBuildConfiguration;
			buildSettings = {
				ASSETCATALOG_COMPILER_APPICON_NAME = AppIcon;
				CLANG_ENABLE_MODULES = YES;
				CURRENT_PROJECT_VERSION = 1;
				ENABLE_BITCODE = NO;
				INFOPLIST_FILE = signalclone/Info.plist;
				LD_RUNPATH_SEARCH_PATHS = (
					"$(inherited)",
					"@executable_path/Frameworks",
				);
				OTHER_LDFLAGS = (
					"$(inherited)",
					"-ObjC",
					"-lc++",
				);
				PRODUCT_BUNDLE_IDENTIFIER = "org.reactjs.native.example.$(PRODUCT_NAME:rfc1034identifier)";
				PRODUCT_NAME = signalclone;
				SWIFT_OPTIMIZATION_LEVEL = "-Onone";
				SWIFT_VERSION = 5.0;
				VERSIONING_SYSTEM = "apple-generic";
			};
			name = Debug;
		};
		13B07F951A680F5B00A75B9A /* Release */ = {
			isa = XCBuildConfiguration;
			buildSettings = {
				ASSETCATALOG_COMPILER_APPICON_NAME = AppIcon;
				CLANG_ENABLE_MODULES = YES;
				CURRENT_PROJECT_VERSION = 1;
				INFOPLIST_FILE = signalclone/Info.plist;
				LD_RUNPATH_SEARCH_PATHS = (
					"$(inherited)",
					"@executable_path/Frameworks",
				);
				OTHER_LDFLAGS = (
					"$(inherited)",
					"-ObjC",
					"-lc++",
				);
				PRODUCT_BUNDLE_IDENTIFIER = "org.reactjs.native.example.$(PRODUCT_NAME:rfc1034identifier)";
				PRODUCT_NAME = signalclone;
				SWIFT_VERSION = 5.0;
				VERSIONING_SYSTEM = "apple-generic";
			};
			name = Release;
		};
		83CBBA201A601CBA00E9B192 /* Debug */ = {
			isa = XCBuildConfiguration;
			buildSettings = {
				ALWAYS_SEARCH_USER_PATHS = NO;
				CLANG_ANALYZER_LOCALIZABILITY_NONLOCALIZED = YES;
				CLANG_CXX_LANGUAGE_STANDARD = "gnu++0x";
				CLANG_CXX_LIBRARY = "libc++";
				CLANG_ENABLE_MODULES = YES;
				CLANG_ENABLE_OBJC_ARC = YES;
				CLANG_WARN_BLOCK_CAPTURE_AUTORELEASING = YES;
				CLANG_WARN_BOOL_CONVERSION = YES;
				CLANG_WARN_COMMA = YES;
				CLANG_WARN_CONSTANT_CONVERSION = YES;
				CLANG_WARN_DEPRECATED_OBJC_IMPLEMENTATIONS = YES;
				CLANG_WARN_DIRECT_OBJC_ISA_USAGE = YES_ERROR;
				CLANG_WARN_EMPTY_BODY = YES;
				CLANG_WARN_ENUM_CONVERSION = YES;
				CLANG_WARN_INFINITE_RECURSION = YES;
				CLANG_WARN_INT_CONVERSION = YES;
				CLANG_WARN_NON_LITERAL_NULL_CONVERSION = YES;
				CLANG_WARN_OBJC_IMPLICIT_RETAIN_SELF = YES;
				CLANG_WARN_OBJC_LITERAL_CONVERSION = YES;
				CLANG_WARN_OBJC_ROOT_CLASS = YES_ERROR;
				CLANG_WARN_QUOTED_INCLUDE_IN_FRAMEWORK_HEADER = YES;
				CLANG_WARN_RANGE_LOOP_ANALYSIS = YES;
				CLANG_WARN_STRICT_PROTOTYPES = YES;
				CLANG_WARN_SUSPICIOUS_MOVE = YES;
				CLANG_WARN_UNREACHABLE_CODE = YES;
				CLANG_WARN__DUPLICATE_METHOD_MATCH = YES;
				"CODE_SIGN_IDENTITY[sdk=iphoneos*]" = "iPhone Developer";
				COPY_PHASE_STRIP = NO;
				ENABLE_STRICT_OBJC_MSGSEND = YES;
				ENABLE_TESTABILITY = YES;
				GCC_C_LANGUAGE_STANDARD = gnu99;
				GCC_DYNAMIC_NO_PIC = NO;
				GCC_NO_COMMON_BLOCKS = YES;
				GCC_OPTIMIZATION_LEVEL = 0;
				GCC_PREPROCESSOR_DEFINITIONS = (
					"DEBUG=1",
					"$(inherited)",
				);
				GCC_SYMBOLS_PRIVATE_EXTERN = NO;
				GCC_WARN_64_TO_32_BIT_CONVERSION = YES;
				GCC_WARN_ABOUT_RETURN_TYPE = YES_ERROR;
				GCC_WARN_UNDECLARED_SELECTOR = YES;
				GCC_WARN_UNINITIALIZED_AUTOS = YES_AGGRESSIVE;
				GCC_WARN_UNUSED_FUNCTION = YES;
				GCC_WARN_UNUSED_VARIABLE = YES;
				IPHONEOS_DEPLOYMENT_TARGET = 11.0;
				LD_RUNPATH_SEARCH_PATHS = (
					/usr/lib/swift,
					"$(inherited)",
				);
				LIBRARY_SEARCH_PATHS = (
					"\"$(SDKROOT)/usr/lib/swift\"",
					"\"$(TOOLCHAIN_DIR)/usr/lib/swift/$(PLATFORM_NAME)\"",
					"\"$(TOOLCHAIN_DIR)/usr/lib/swift-5.0/$(PLATFORM_NAME)\"",
					"\"$(inherited)\"",
				);
				MTL_ENABLE_DEBUG_INFO = YES;
				ONLY_ACTIVE_ARCH = YES;
				SDKROOT = iphoneos;
			};
			name = Debug;
		};
		83CBBA211A601CBA00E9B192 /* Release */ = {
			isa = XCBuildConfiguration;
			buildSettings = {
				ALWAYS_SEARCH_USER_PATHS = NO;
				CLANG_ANALYZER_LOCALIZABILITY_NONLOCALIZED = YES;
				CLANG_CXX_LANGUAGE_STANDARD = "gnu++0x";
				CLANG_CXX_LIBRARY = "libc++";
				CLANG_ENABLE_MODULES = YES;
				CLANG_ENABLE_OBJC_ARC = YES;
				CLANG_WARN_BLOCK_CAPTURE_AUTORELEASING = YES;
				CLANG_WARN_BOOL_CONVERSION = YES;
				CLANG_WARN_COMMA = YES;
				CLANG_WARN_CONSTANT_CONVERSION = YES;
				CLANG_WARN_DEPRECATED_OBJC_IMPLEMENTATIONS = YES;
				CLANG_WARN_DIRECT_OBJC_ISA_USAGE = YES_ERROR;
				CLANG_WARN_EMPTY_BODY = YES;
				CLANG_WARN_ENUM_CONVERSION = YES;
				CLANG_WARN_INFINITE_RECURSION = YES;
				CLANG_WARN_INT_CONVERSION = YES;
				CLANG_WARN_NON_LITERAL_NULL_CONVERSION = YES;
				CLANG_WARN_OBJC_IMPLICIT_RETAIN_SELF = YES;
				CLANG_WARN_OBJC_LITERAL_CONVERSION = YES;
				CLANG_WARN_OBJC_ROOT_CLASS = YES_ERROR;
				CLANG_WARN_QUOTED_INCLUDE_IN_FRAMEWORK_HEADER = YES;
				CLANG_WARN_RANGE_LOOP_ANALYSIS = YES;
				CLANG_WARN_STRICT_PROTOTYPES = YES;
				CLANG_WARN_SUSPICIOUS_MOVE = YES;
				CLANG_WARN_UNREACHABLE_CODE = YES;
				CLANG_WARN__DUPLICATE_METHOD_MATCH = YES;
				"CODE_SIGN_IDENTITY[sdk=iphoneos*]" = "iPhone Developer";
				COPY_PHASE_STRIP = YES;
				ENABLE_NS_ASSERTIONS = NO;
				ENABLE_STRICT_OBJC_MSGSEND = YES;
				GCC_C_LANGUAGE_STANDARD = gnu99;
				GCC_NO_COMMON_BLOCKS = YES;
				GCC_WARN_64_TO_32_BIT_CONVERSION = YES;
				GCC_WARN_ABOUT_RETURN_TYPE = YES_ERROR;
				GCC_WARN_UNDECLARED_SELECTOR = YES;
				GCC_WARN_UNINITIALIZED_AUTOS = YES_AGGRESSIVE;
				GCC_WARN_UNUSED_FUNCTION = YES;
				GCC_WARN_UNUSED_VARIABLE = YES;
				IPHONEOS_DEPLOYMENT_TARGET = 11.0;
				LD_RUNPATH_SEARCH_PATHS = (
					/usr/lib/swift,
					"$(inherited)",
				);
				LIBRARY_SEARCH_PATHS = (
					"\"$(SDKROOT)/usr/lib/swift\"",
					"\"$(TOOLCHAIN_DIR)/usr/lib/swift/$(PLATFORM_NAME)\"",
					"\"$(TOOLCHAIN_DIR)/usr/lib/swift-5.0/$(PLATFORM_NAME)\"",
					"\"$(inherited)\"",
				);
				MTL_ENABLE_DEBUG_INFO = NO;
				SDKROOT = iphoneos;
				VALIDATE_PRODUCT = YES;
			};
			name = Release;
		};
/* End XCBuildConfiguration section */

/* Begin XCConfigurationList section */
		00E357021AD99517003FC87E /* Build configuration list for PBXNativeTarget "signalcloneTests" */ = {
			isa = XCConfigurationList;
			buildConfigurations = (
				00E356F61AD99517003FC87E /* Debug */,
				00E356F71AD99517003FC87E /* Release */,
			);
			defaultConfigurationIsVisible = 0;
			defaultConfigurationName = Release;
		};
		13B07F931A680F5B00A75B9A /* Build configuration list for PBXNativeTarget "signalclone" */ = {
			isa = XCConfigurationList;
			buildConfigurations = (
				13B07F941A680F5B00A75B9A /* Debug */,
				13B07F951A680F5B00A75B9A /* Release */,
			);
			defaultConfigurationIsVisible = 0;
			defaultConfigurationName = Release;
		};
		83CBB9FA1A601CBA00E9B192 /* Build configuration list for PBXProject "signalclone" */ = {
			isa = XCConfigurationList;
			buildConfigurations = (
				83CBBA201A601CBA00E9B192 /* Debug */,
				83CBBA211A601CBA00E9B192 /* Release */,
			);
			defaultConfigurationIsVisible = 0;
			defaultConfigurationName = Release;
		};
/* End XCConfigurationList section */
	};
	rootObject = 83CBB9F71A601CBA00E9B192 /* Project object */;
}
